
Microsoft Visual Studio Solution File, Format Version 12.00
# Visual Studio Version 18
VisualStudioVersion = 18.1.11312.151 d18.0
MinimumVisualStudioVersion = 10.0.40219.1
Project("{FAE04EC0-301F-11D3-BF4B-00C04F79EFBC}") = "EMVCard.Core", "EMVCard.Core.csproj", "{C3A9FE88-4E91-C376-C3C2-E6488CEC736C}"
EndProject
Global
	GlobalSection(SolutionConfigurationPlatforms) = preSolution
		Debug|Any CPU = Debug|Any CPU
		Release|Any CPU = Release|Any CPU
	EndGlobalSection
	GlobalSection(ProjectConfigurationPlatforms) = postSolution
		{C3A9FE88-4E91-C376-C3C2-E6488CEC736C}.Debug|Any CPU.ActiveCfg = Debug|Any CPU
		{C3A9FE88-4E91-C376-C3C2-E6488CEC736C}.Debug|Any CPU.Build.0 = Debug|Any CPU
		{C3A9FE88-4E91-C376-C3C2-E6488CEC736C}.Release|Any CPU.ActiveCfg = Release|Any CPU
		{C3A9FE88-4E91-C376-C3C2-E6488CEC736C}.Release|Any CPU.Build.0 = Release|Any CPU
	EndGlobalSection
	GlobalSection(SolutionProperties) = preSolution
		HideSolutionNode = FALSE
	EndGlobalSection
	GlobalSection(ExtensibilityGlobals) = postSolution
		SolutionGuid = {4C8DA0F7-0C96-4A74-AC6C-26DCDBB91BC3}
	EndGlobalSection
EndGlobal
